{
  "version": 4,
  "terraform_version": "1.4.6",
  "serial": 20,
  "lineage": "beb212b8-5623-91e5-9b86-10976773af1a",
  "outputs": {
    "DB-Public-IP": {
      "value": "db-temperatura.c6gusyh3rn8x.us-east-1.rds.amazonaws.com:3306",
      "type": "string"
    },
    "Grafana-Project-Public-IP": {
      "value": "23.22.149.179",
      "type": "string"
    },
    "Sensor1-client-temperatura-project-Public-IP": {
      "value": "18.215.182.209",
      "type": "string"
    },
    "Server-mosquitto-project-Public-IP": {
      "value": "3.93.163.44",
      "type": "string"
    }
  },
  "resources": [
    {
      "mode": "managed",
      "type": "aws_db_instance",
      "name": "db-temperatura",
      "provider": "provider[\"registry.terraform.io/hashicorp/aws\"]",
      "instances": [
        {
          "schema_version": 1,
          "attributes": {
            "address": "db-temperatura.c6gusyh3rn8x.us-east-1.rds.amazonaws.com",
            "allocated_storage": 20,
            "allow_major_version_upgrade": null,
            "apply_immediately": false,
            "arn": "arn:aws:rds:us-east-1:661437291867:db:db-temperatura",
            "auto_minor_version_upgrade": true,
            "availability_zone": "us-east-1b",
            "backup_retention_period": 0,
            "backup_window": "06:28-06:58",
            "blue_green_update": [],
            "ca_cert_identifier": "rds-ca-2019",
            "character_set_name": "",
            "copy_tags_to_snapshot": false,
            "custom_iam_instance_profile": "",
            "customer_owned_ip_enabled": false,
            "db_name": "",
            "db_subnet_group_name": "tcc-db-subnet-group",
            "delete_automated_backups": true,
            "deletion_protection": false,
            "domain": "",
            "domain_iam_role_name": "",
            "enabled_cloudwatch_logs_exports": null,
            "endpoint": "db-temperatura.c6gusyh3rn8x.us-east-1.rds.amazonaws.com:3306",
            "engine": "mysql",
            "engine_version": "8.0.32",
            "engine_version_actual": "8.0.32",
            "final_snapshot_identifier": null,
            "hosted_zone_id": "Z2R2ITUGPM61AM",
            "iam_database_authentication_enabled": false,
            "id": "db-temperatura",
            "identifier": "db-temperatura",
            "identifier_prefix": "",
            "instance_class": "db.t2.micro",
            "iops": 0,
            "kms_key_id": "",
            "latest_restorable_time": "",
            "license_model": "general-public-license",
            "listener_endpoint": [],
            "maintenance_window": "fri:03:31-fri:04:01",
            "manage_master_user_password": null,
            "master_user_secret": [],
            "master_user_secret_kms_key_id": null,
            "max_allocated_storage": 0,
            "monitoring_interval": 0,
            "monitoring_role_arn": "",
            "multi_az": false,
            "name": "",
            "nchar_character_set_name": "",
            "network_type": "IPV4",
            "option_group_name": "default:mysql-8-0",
            "parameter_group_name": "default.mysql8.0",
            "password": "mypassword",
            "performance_insights_enabled": false,
            "performance_insights_kms_key_id": "",
            "performance_insights_retention_period": 0,
            "port": 3306,
            "publicly_accessible": false,
            "replica_mode": "",
            "replicas": [],
            "replicate_source_db": "",
            "resource_id": "db-US44H5YBROFAZ2NI42VECWGLW4",
            "restore_to_point_in_time": [],
            "s3_import": [],
            "security_group_names": null,
            "skip_final_snapshot": false,
            "snapshot_identifier": null,
            "status": "available",
            "storage_encrypted": false,
            "storage_throughput": 0,
            "storage_type": "gp2",
            "tags": null,
            "tags_all": {},
            "timeouts": null,
            "timezone": "",
            "username": "myuser",
            "vpc_security_group_ids": [
              "sg-0559008cea937c502"
            ]
          },
          "sensitive_attributes": [],
          "private": "eyJlMmJmYjczMC1lY2FhLTExZTYtOGY4OC0zNDM2M2JjN2M0YzAiOnsiY3JlYXRlIjoyNDAwMDAwMDAwMDAwLCJkZWxldGUiOjM2MDAwMDAwMDAwMDAsInVwZGF0ZSI6NDgwMDAwMDAwMDAwMH0sInNjaGVtYV92ZXJzaW9uIjoiMSJ9",
          "dependencies": [
            "aws_db_subnet_group.db_subnet_group",
            "aws_security_group.rds-db-mysql_sg",
            "aws_subnet.tcc-pub-1",
            "aws_subnet.tcc-pub-2",
            "aws_vpc.tcc-project"
          ]
        }
      ]
    },
    {
      "mode": "managed",
      "type": "aws_db_subnet_group",
      "name": "db_subnet_group",
      "provider": "provider[\"registry.terraform.io/hashicorp/aws\"]",
      "instances": [
        {
          "schema_version": 0,
          "attributes": {
            "arn": "arn:aws:rds:us-east-1:661437291867:subgrp:tcc-db-subnet-group",
            "description": "Managed by Terraform",
            "id": "tcc-db-subnet-group",
            "name": "tcc-db-subnet-group",
            "name_prefix": "",
            "subnet_ids": [
              "subnet-00a3732144fce580d",
              "subnet-0a6163ae2719da307"
            ],
            "supported_network_types": [
              "IPV4"
            ],
            "tags": null,
            "tags_all": {},
            "vpc_id": "vpc-03dcc3d8bb40a9c9e"
          },
          "sensitive_attributes": [],
          "private": "bnVsbA==",
          "dependencies": [
            "aws_subnet.tcc-pub-1",
            "aws_subnet.tcc-pub-2",
            "aws_vpc.tcc-project"
          ]
        }
      ]
    },
    {
      "mode": "managed",
      "type": "aws_instance",
      "name": "grafana-project",
      "provider": "provider[\"registry.terraform.io/hashicorp/aws\"]",
      "instances": [
        {
          "schema_version": 1,
          "attributes": {
            "ami": "ami-0149b2da6ceec4bb0",
            "arn": "arn:aws:ec2:us-east-1:661437291867:instance/i-054beddbd02eb2d31",
            "associate_public_ip_address": true,
            "availability_zone": "us-east-1a",
            "capacity_reservation_specification": [
              {
                "capacity_reservation_preference": "open",
                "capacity_reservation_target": []
              }
            ],
            "cpu_core_count": 1,
            "cpu_options": [
              {
                "amd_sev_snp": "",
                "core_count": 1,
                "threads_per_core": 1
              }
            ],
            "cpu_threads_per_core": 1,
            "credit_specification": [
              {
                "cpu_credits": "standard"
              }
            ],
            "disable_api_stop": false,
            "disable_api_termination": false,
            "ebs_block_device": [],
            "ebs_optimized": false,
            "enclave_options": [
              {
                "enabled": false
              }
            ],
            "ephemeral_block_device": [],
            "get_password_data": false,
            "hibernation": false,
            "host_id": "",
            "host_resource_group_arn": null,
            "iam_instance_profile": "",
            "id": "i-054beddbd02eb2d31",
            "instance_initiated_shutdown_behavior": "stop",
            "instance_state": "running",
            "instance_type": "t2.micro",
            "ipv6_address_count": 0,
            "ipv6_addresses": [],
            "key_name": "tcc-key",
            "launch_template": [],
            "maintenance_options": [
              {
                "auto_recovery": "default"
              }
            ],
            "metadata_options": [
              {
                "http_endpoint": "enabled",
                "http_put_response_hop_limit": 1,
                "http_tokens": "optional",
                "instance_metadata_tags": "disabled"
              }
            ],
            "monitoring": false,
            "network_interface": [],
            "outpost_arn": "",
            "password_data": "",
            "placement_group": "",
            "placement_partition_number": 0,
            "primary_network_interface_id": "eni-05d465424d1eb3196",
            "private_dns": "ip-10-0-1-67.ec2.internal",
            "private_dns_name_options": [
              {
                "enable_resource_name_dns_a_record": false,
                "enable_resource_name_dns_aaaa_record": false,
                "hostname_type": "ip-name"
              }
            ],
            "private_ip": "10.0.1.67",
            "public_dns": "ec2-23-22-149-179.compute-1.amazonaws.com",
            "public_ip": "23.22.149.179",
            "root_block_device": [
              {
                "delete_on_termination": true,
                "device_name": "/dev/sda1",
                "encrypted": false,
                "iops": 100,
                "kms_key_id": "",
                "tags": {},
                "throughput": 0,
                "volume_id": "vol-09974e4ec7daf9fc7",
                "volume_size": 8,
                "volume_type": "gp2"
              }
            ],
            "secondary_private_ips": [],
            "security_groups": [],
            "source_dest_check": true,
            "subnet_id": "subnet-0a6163ae2719da307",
            "tags": {
              "Name": "grafana-project"
            },
            "tags_all": {
              "Name": "grafana-project"
            },
            "tenancy": "default",
            "timeouts": null,
            "user_data": null,
            "user_data_base64": null,
            "user_data_replace_on_change": false,
            "volume_tags": null,
            "vpc_security_group_ids": [
              "sg-0d5d8ffe242c04db2"
            ]
          },
          "sensitive_attributes": [],
          "private": "eyJlMmJmYjczMC1lY2FhLTExZTYtOGY4OC0zNDM2M2JjN2M0YzAiOnsiY3JlYXRlIjo2MDAwMDAwMDAwMDAsImRlbGV0ZSI6MTIwMDAwMDAwMDAwMCwidXBkYXRlIjo2MDAwMDAwMDAwMDB9LCJzY2hlbWFfdmVyc2lvbiI6IjEifQ==",
          "dependencies": [
            "aws_key_pair.key_pair",
            "aws_security_group.grafana-project_sg",
            "aws_subnet.tcc-pub-1",
            "aws_vpc.tcc-project",
            "tls_private_key.key"
          ]
        }
      ]
    },
    {
      "mode": "managed",
      "type": "aws_instance",
      "name": "sensor1-client-temperatura-project",
      "provider": "provider[\"registry.terraform.io/hashicorp/aws\"]",
      "instances": [
        {
          "schema_version": 1,
          "attributes": {
            "ami": "ami-0149b2da6ceec4bb0",
            "arn": "arn:aws:ec2:us-east-1:661437291867:instance/i-0503b6139bfaf238c",
            "associate_public_ip_address": true,
            "availability_zone": "us-east-1a",
            "capacity_reservation_specification": [
              {
                "capacity_reservation_preference": "open",
                "capacity_reservation_target": []
              }
            ],
            "cpu_core_count": 1,
            "cpu_options": [
              {
                "amd_sev_snp": "",
                "core_count": 1,
                "threads_per_core": 1
              }
            ],
            "cpu_threads_per_core": 1,
            "credit_specification": [
              {
                "cpu_credits": "standard"
              }
            ],
            "disable_api_stop": false,
            "disable_api_termination": false,
            "ebs_block_device": [],
            "ebs_optimized": false,
            "enclave_options": [
              {
                "enabled": false
              }
            ],
            "ephemeral_block_device": [],
            "get_password_data": false,
            "hibernation": false,
            "host_id": "",
            "host_resource_group_arn": null,
            "iam_instance_profile": "",
            "id": "i-0503b6139bfaf238c",
            "instance_initiated_shutdown_behavior": "stop",
            "instance_state": "running",
            "instance_type": "t2.micro",
            "ipv6_address_count": 0,
            "ipv6_addresses": [],
            "key_name": "tcc-key",
            "launch_template": [],
            "maintenance_options": [
              {
                "auto_recovery": "default"
              }
            ],
            "metadata_options": [
              {
                "http_endpoint": "enabled",
                "http_put_response_hop_limit": 1,
                "http_tokens": "optional",
                "instance_metadata_tags": "disabled"
              }
            ],
            "monitoring": false,
            "network_interface": [],
            "outpost_arn": "",
            "password_data": "",
            "placement_group": "",
            "placement_partition_number": 0,
            "primary_network_interface_id": "eni-048d5693c8c84ec81",
            "private_dns": "ip-10-0-1-149.ec2.internal",
            "private_dns_name_options": [
              {
                "enable_resource_name_dns_a_record": false,
                "enable_resource_name_dns_aaaa_record": false,
                "hostname_type": "ip-name"
              }
            ],
            "private_ip": "10.0.1.149",
            "public_dns": "ec2-18-215-182-209.compute-1.amazonaws.com",
            "public_ip": "18.215.182.209",
            "root_block_device": [
              {
                "delete_on_termination": true,
                "device_name": "/dev/sda1",
                "encrypted": false,
                "iops": 100,
                "kms_key_id": "",
                "tags": {},
                "throughput": 0,
                "volume_id": "vol-0d2c472faff2e7587",
                "volume_size": 8,
                "volume_type": "gp2"
              }
            ],
            "secondary_private_ips": [],
            "security_groups": [],
            "source_dest_check": true,
            "subnet_id": "subnet-0a6163ae2719da307",
            "tags": {
              "Name": "sensor1-client-temperatura-project"
            },
            "tags_all": {
              "Name": "sensor1-client-temperatura-project"
            },
            "tenancy": "default",
            "timeouts": null,
            "user_data": null,
            "user_data_base64": null,
            "user_data_replace_on_change": false,
            "volume_tags": null,
            "vpc_security_group_ids": [
              "sg-0e224836dceede611"
            ]
          },
          "sensitive_attributes": [],
          "private": "eyJlMmJmYjczMC1lY2FhLTExZTYtOGY4OC0zNDM2M2JjN2M0YzAiOnsiY3JlYXRlIjo2MDAwMDAwMDAwMDAsImRlbGV0ZSI6MTIwMDAwMDAwMDAwMCwidXBkYXRlIjo2MDAwMDAwMDAwMDB9LCJzY2hlbWFfdmVyc2lvbiI6IjEifQ==",
          "dependencies": [
            "aws_instance.grafana-project",
            "aws_key_pair.key_pair",
            "aws_security_group.grafana-project_sg",
            "aws_security_group.sensor-client-temperatura-project_sg",
            "aws_subnet.tcc-pub-1",
            "aws_vpc.tcc-project",
            "tls_private_key.key"
          ]
        }
      ]
    },
    {
      "mode": "managed",
      "type": "aws_instance",
      "name": "server-mosquitto-project",
      "provider": "provider[\"registry.terraform.io/hashicorp/aws\"]",
      "instances": [
        {
          "schema_version": 1,
          "attributes": {
            "ami": "ami-0149b2da6ceec4bb0",
            "arn": "arn:aws:ec2:us-east-1:661437291867:instance/i-07266f56a3544fd34",
            "associate_public_ip_address": true,
            "availability_zone": "us-east-1a",
            "capacity_reservation_specification": [
              {
                "capacity_reservation_preference": "open",
                "capacity_reservation_target": []
              }
            ],
            "cpu_core_count": 1,
            "cpu_options": [
              {
                "amd_sev_snp": "",
                "core_count": 1,
                "threads_per_core": 1
              }
            ],
            "cpu_threads_per_core": 1,
            "credit_specification": [
              {
                "cpu_credits": "standard"
              }
            ],
            "disable_api_stop": false,
            "disable_api_termination": false,
            "ebs_block_device": [],
            "ebs_optimized": false,
            "enclave_options": [
              {
                "enabled": false
              }
            ],
            "ephemeral_block_device": [],
            "get_password_data": false,
            "hibernation": false,
            "host_id": "",
            "host_resource_group_arn": null,
            "iam_instance_profile": "",
            "id": "i-07266f56a3544fd34",
            "instance_initiated_shutdown_behavior": "stop",
            "instance_state": "running",
            "instance_type": "t2.micro",
            "ipv6_address_count": 0,
            "ipv6_addresses": [],
            "key_name": "tcc-key",
            "launch_template": [],
            "maintenance_options": [
              {
                "auto_recovery": "default"
              }
            ],
            "metadata_options": [
              {
                "http_endpoint": "enabled",
                "http_put_response_hop_limit": 1,
                "http_tokens": "optional",
                "instance_metadata_tags": "disabled"
              }
            ],
            "monitoring": false,
            "network_interface": [],
            "outpost_arn": "",
            "password_data": "",
            "placement_group": "",
            "placement_partition_number": 0,
            "primary_network_interface_id": "eni-08b139652c6ff2420",
            "private_dns": "ip-10-0-1-151.ec2.internal",
            "private_dns_name_options": [
              {
                "enable_resource_name_dns_a_record": false,
                "enable_resource_name_dns_aaaa_record": false,
                "hostname_type": "ip-name"
              }
            ],
            "private_ip": "10.0.1.151",
            "public_dns": "ec2-3-93-163-44.compute-1.amazonaws.com",
            "public_ip": "3.93.163.44",
            "root_block_device": [
              {
                "delete_on_termination": true,
                "device_name": "/dev/sda1",
                "encrypted": false,
                "iops": 100,
                "kms_key_id": "",
                "tags": {},
                "throughput": 0,
                "volume_id": "vol-01cb0a025166e13ee",
                "volume_size": 8,
                "volume_type": "gp2"
              }
            ],
            "secondary_private_ips": [],
            "security_groups": [],
            "source_dest_check": true,
            "subnet_id": "subnet-0a6163ae2719da307",
            "tags": {
              "Name": "server-mosquitto-project"
            },
            "tags_all": {
              "Name": "server-mosquitto-project"
            },
            "tenancy": "default",
            "timeouts": null,
            "user_data": null,
            "user_data_base64": null,
            "user_data_replace_on_change": false,
            "volume_tags": null,
            "vpc_security_group_ids": [
              "sg-04266bc6393a1f10b"
            ]
          },
          "sensitive_attributes": [],
          "private": "eyJlMmJmYjczMC1lY2FhLTExZTYtOGY4OC0zNDM2M2JjN2M0YzAiOnsiY3JlYXRlIjo2MDAwMDAwMDAwMDAsImRlbGV0ZSI6MTIwMDAwMDAwMDAwMCwidXBkYXRlIjo2MDAwMDAwMDAwMDB9LCJzY2hlbWFfdmVyc2lvbiI6IjEifQ==",
          "dependencies": [
            "aws_instance.grafana-project",
            "aws_key_pair.key_pair",
            "aws_security_group.grafana-project_sg",
            "aws_security_group.mosquitto-project_sg",
            "aws_subnet.tcc-pub-1",
            "aws_vpc.tcc-project",
            "tls_private_key.key"
          ]
        }
      ]
    },
    {
      "mode": "managed",
      "type": "aws_internet_gateway",
      "name": "tcc-IGW",
      "provider": "provider[\"registry.terraform.io/hashicorp/aws\"]",
      "instances": [
        {
          "schema_version": 0,
          "attributes": {
            "arn": "arn:aws:ec2:us-east-1:661437291867:internet-gateway/igw-0d64cbbc1b76ea82c",
            "id": "igw-0d64cbbc1b76ea82c",
            "owner_id": "661437291867",
            "tags": {
              "Name": "tcc-IGW"
            },
            "tags_all": {
              "Name": "tcc-IGW"
            },
            "timeouts": null,
            "vpc_id": "vpc-03dcc3d8bb40a9c9e"
          },
          "sensitive_attributes": [],
          "private": "eyJlMmJmYjczMC1lY2FhLTExZTYtOGY4OC0zNDM2M2JjN2M0YzAiOnsiY3JlYXRlIjoxMjAwMDAwMDAwMDAwLCJkZWxldGUiOjEyMDAwMDAwMDAwMDAsInVwZGF0ZSI6MTIwMDAwMDAwMDAwMH19",
          "dependencies": [
            "aws_vpc.tcc-project"
          ]
        }
      ]
    },
    {
      "mode": "managed",
      "type": "aws_key_pair",
      "name": "key_pair",
      "provider": "provider[\"registry.terraform.io/hashicorp/aws\"]",
      "instances": [
        {
          "schema_version": 1,
          "attributes": {
            "arn": "arn:aws:ec2:us-east-1:661437291867:key-pair/tcc-key",
            "fingerprint": "22:c7:49:80:0a:94:01:ae:d9:90:e3:e5:26:9f:44:4b",
            "id": "tcc-key",
            "key_name": "tcc-key",
            "key_name_prefix": "",
            "key_pair_id": "key-079d9e3233292c283",
            "key_type": "rsa",
            "public_key": "ssh-rsa AAAAB3NzaC1yc2EAAAADAQABAAABAQDKxCPElTZNxzPM1LjEboI9O4Ef3NHgTViv97yWBlljnb1feQcvRefCs6lGd9Oetd01druUzpPsCPbn7zinGLyFocg8Ha4o9BmgwRHAAM9xn/c6qaoplQj+KDOi8UxJT63/4DBOgFmPH8VjJUl4t8kWaHvd2uCEO298CwTurzDc2XhAnf8pP8tZc6c8t9BT97VmqSjEllkPqumOS8P9ZxzevnUSiN2vMz43Q/QEiB/isnJfM4TvtKV+3Eqzfquddsa4SYmb1f83w0p70hTG2MxPqB9fy+0vW9AB0KOzhg+igvsFLqWRDRZC0jbFOuUd7tRdD+yKw1FB49aFiLJ6ipef",
            "tags": null,
            "tags_all": {}
          },
          "sensitive_attributes": [],
          "private": "eyJzY2hlbWFfdmVyc2lvbiI6IjEifQ==",
          "dependencies": [
            "tls_private_key.key"
          ]
        }
      ]
    },
    {
      "mode": "managed",
      "type": "aws_route_table",
      "name": "tcc-pub-RT",
      "provider": "provider[\"registry.terraform.io/hashicorp/aws\"]",
      "instances": [
        {
          "schema_version": 0,
          "attributes": {
            "arn": "arn:aws:ec2:us-east-1:661437291867:route-table/rtb-0e805fd87efc7cc12",
            "id": "rtb-0e805fd87efc7cc12",
            "owner_id": "661437291867",
            "propagating_vgws": [],
            "route": [
              {
                "carrier_gateway_id": "",
                "cidr_block": "0.0.0.0/0",
                "core_network_arn": "",
                "destination_prefix_list_id": "",
                "egress_only_gateway_id": "",
                "gateway_id": "igw-0d64cbbc1b76ea82c",
                "instance_id": "",
                "ipv6_cidr_block": "",
                "local_gateway_id": "",
                "nat_gateway_id": "",
                "network_interface_id": "",
                "transit_gateway_id": "",
                "vpc_endpoint_id": "",
                "vpc_peering_connection_id": ""
              }
            ],
            "tags": {
              "Name": "tcc-pub-RT"
            },
            "tags_all": {
              "Name": "tcc-pub-RT"
            },
            "timeouts": null,
            "vpc_id": "vpc-03dcc3d8bb40a9c9e"
          },
          "sensitive_attributes": [],
          "private": "eyJlMmJmYjczMC1lY2FhLTExZTYtOGY4OC0zNDM2M2JjN2M0YzAiOnsiY3JlYXRlIjozMDAwMDAwMDAwMDAsImRlbGV0ZSI6MzAwMDAwMDAwMDAwLCJ1cGRhdGUiOjEyMDAwMDAwMDAwMH19",
          "dependencies": [
            "aws_internet_gateway.tcc-IGW",
            "aws_vpc.tcc-project"
          ]
        }
      ]
    },
    {
      "mode": "managed",
      "type": "aws_route_table_association",
      "name": "tcc-pub-1-a",
      "provider": "provider[\"registry.terraform.io/hashicorp/aws\"]",
      "instances": [
        {
          "schema_version": 0,
          "attributes": {
            "gateway_id": "",
            "id": "rtbassoc-02e0f0971f4b7a0a1",
            "route_table_id": "rtb-0e805fd87efc7cc12",
            "subnet_id": "subnet-0a6163ae2719da307",
            "timeouts": null
          },
          "sensitive_attributes": [],
          "private": "eyJlMmJmYjczMC1lY2FhLTExZTYtOGY4OC0zNDM2M2JjN2M0YzAiOnsiY3JlYXRlIjozMDAwMDAwMDAwMDAsImRlbGV0ZSI6MzAwMDAwMDAwMDAwLCJ1cGRhdGUiOjEyMDAwMDAwMDAwMH19",
          "dependencies": [
            "aws_internet_gateway.tcc-IGW",
            "aws_route_table.tcc-pub-RT",
            "aws_subnet.tcc-pub-1",
            "aws_vpc.tcc-project"
          ]
        }
      ]
    },
    {
      "mode": "managed",
      "type": "aws_security_group",
      "name": "ansible-project_sg",
      "provider": "provider[\"registry.terraform.io/hashicorp/aws\"]",
      "instances": [
        {
          "schema_version": 1,
          "attributes": {
            "arn": "arn:aws:ec2:us-east-1:661437291867:security-group/sg-020cc68e6a6432379",
            "description": "ansible-project_sg",
            "egress": [
              {
                "cidr_blocks": [
                  "0.0.0.0/0"
                ],
                "description": "",
                "from_port": 0,
                "ipv6_cidr_blocks": [],
                "prefix_list_ids": [],
                "protocol": "-1",
                "security_groups": [],
                "self": false,
                "to_port": 0
              }
            ],
            "id": "sg-020cc68e6a6432379",
            "ingress": [
              {
                "cidr_blocks": [
                  "0.0.0.0/0"
                ],
                "description": "SSH Anywhere",
                "from_port": 22,
                "ipv6_cidr_blocks": [],
                "prefix_list_ids": [],
                "protocol": "tcp",
                "security_groups": [],
                "self": false,
                "to_port": 22
              }
            ],
            "name": "ansible-project_sg",
            "name_prefix": "",
            "owner_id": "661437291867",
            "revoke_rules_on_delete": false,
            "tags": {
              "Name": "ansible-project_sg"
            },
            "tags_all": {
              "Name": "ansible-project_sg"
            },
            "timeouts": null,
            "vpc_id": "vpc-03dcc3d8bb40a9c9e"
          },
          "sensitive_attributes": [],
          "private": "eyJlMmJmYjczMC1lY2FhLTExZTYtOGY4OC0zNDM2M2JjN2M0YzAiOnsiY3JlYXRlIjo2MDAwMDAwMDAwMDAsImRlbGV0ZSI6OTAwMDAwMDAwMDAwfSwic2NoZW1hX3ZlcnNpb24iOiIxIn0=",
          "dependencies": [
            "aws_vpc.tcc-project"
          ]
        }
      ]
    },
    {
      "mode": "managed",
      "type": "aws_security_group",
      "name": "grafana-project_sg",
      "provider": "provider[\"registry.terraform.io/hashicorp/aws\"]",
      "instances": [
        {
          "schema_version": 1,
          "attributes": {
            "arn": "arn:aws:ec2:us-east-1:661437291867:security-group/sg-0d5d8ffe242c04db2",
            "description": "grafana-project_sg",
            "egress": [
              {
                "cidr_blocks": [
                  "0.0.0.0/0"
                ],
                "description": "",
                "from_port": 0,
                "ipv6_cidr_blocks": [],
                "prefix_list_ids": [],
                "protocol": "-1",
                "security_groups": [],
                "self": false,
                "to_port": 0
              }
            ],
            "id": "sg-0d5d8ffe242c04db2",
            "ingress": [
              {
                "cidr_blocks": [
                  "0.0.0.0/0"
                ],
                "description": "Grafana Anywhere",
                "from_port": 3000,
                "ipv6_cidr_blocks": [],
                "prefix_list_ids": [],
                "protocol": "tcp",
                "security_groups": [],
                "self": false,
                "to_port": 3000
              },
              {
                "cidr_blocks": [
                  "0.0.0.0/0"
                ],
                "description": "Prometheus Anywhere",
                "from_port": 9090,
                "ipv6_cidr_blocks": [],
                "prefix_list_ids": [],
                "protocol": "tcp",
                "security_groups": [],
                "self": false,
                "to_port": 9090
              },
              {
                "cidr_blocks": [
                  "0.0.0.0/0"
                ],
                "description": "SSH Anywhere",
                "from_port": 22,
                "ipv6_cidr_blocks": [],
                "prefix_list_ids": [],
                "protocol": "tcp",
                "security_groups": [],
                "self": false,
                "to_port": 22
              }
            ],
            "name": "grafana-project_sg",
            "name_prefix": "",
            "owner_id": "661437291867",
            "revoke_rules_on_delete": false,
            "tags": {
              "Name": "grafana-project_sg"
            },
            "tags_all": {
              "Name": "grafana-project_sg"
            },
            "timeouts": null,
            "vpc_id": "vpc-03dcc3d8bb40a9c9e"
          },
          "sensitive_attributes": [],
          "private": "eyJlMmJmYjczMC1lY2FhLTExZTYtOGY4OC0zNDM2M2JjN2M0YzAiOnsiY3JlYXRlIjo2MDAwMDAwMDAwMDAsImRlbGV0ZSI6OTAwMDAwMDAwMDAwfSwic2NoZW1hX3ZlcnNpb24iOiIxIn0=",
          "dependencies": [
            "aws_vpc.tcc-project"
          ]
        }
      ]
    },
    {
      "mode": "managed",
      "type": "aws_security_group",
      "name": "mosquitto-project_sg",
      "provider": "provider[\"registry.terraform.io/hashicorp/aws\"]",
      "instances": [
        {
          "schema_version": 1,
          "attributes": {
            "arn": "arn:aws:ec2:us-east-1:661437291867:security-group/sg-04266bc6393a1f10b",
            "description": "mosquitto-project_sg",
            "egress": [
              {
                "cidr_blocks": [
                  "0.0.0.0/0"
                ],
                "description": "",
                "from_port": 0,
                "ipv6_cidr_blocks": [],
                "prefix_list_ids": [],
                "protocol": "-1",
                "security_groups": [],
                "self": false,
                "to_port": 0
              }
            ],
            "id": "sg-04266bc6393a1f10b",
            "ingress": [
              {
                "cidr_blocks": [
                  "0.0.0.0/0"
                ],
                "description": "MQTT Anywhere",
                "from_port": 1883,
                "ipv6_cidr_blocks": [],
                "prefix_list_ids": [],
                "protocol": "tcp",
                "security_groups": [],
                "self": false,
                "to_port": 1883
              },
              {
                "cidr_blocks": [
                  "0.0.0.0/0"
                ],
                "description": "SSH Anywhere",
                "from_port": 22,
                "ipv6_cidr_blocks": [],
                "prefix_list_ids": [],
                "protocol": "tcp",
                "security_groups": [],
                "self": false,
                "to_port": 22
              },
              {
                "cidr_blocks": [
                  "23.22.149.179/32"
                ],
                "description": "Prometheus port",
                "from_port": 9100,
                "ipv6_cidr_blocks": [],
                "prefix_list_ids": [],
                "protocol": "tcp",
                "security_groups": [],
                "self": false,
                "to_port": 9100
              }
            ],
            "name": "mosquitto-project_sg",
            "name_prefix": "",
            "owner_id": "661437291867",
            "revoke_rules_on_delete": false,
            "tags": {
              "Name": "mosquitto-project_sg"
            },
            "tags_all": {
              "Name": "mosquitto-project_sg"
            },
            "timeouts": null,
            "vpc_id": "vpc-03dcc3d8bb40a9c9e"
          },
          "sensitive_attributes": [],
          "private": "eyJlMmJmYjczMC1lY2FhLTExZTYtOGY4OC0zNDM2M2JjN2M0YzAiOnsiY3JlYXRlIjo2MDAwMDAwMDAwMDAsImRlbGV0ZSI6OTAwMDAwMDAwMDAwfSwic2NoZW1hX3ZlcnNpb24iOiIxIn0=",
          "dependencies": [
            "aws_instance.grafana-project",
            "aws_key_pair.key_pair",
            "aws_security_group.grafana-project_sg",
            "aws_subnet.tcc-pub-1",
            "aws_vpc.tcc-project",
            "tls_private_key.key"
          ]
        }
      ]
    },
    {
      "mode": "managed",
      "type": "aws_security_group",
      "name": "rds-db-mysql_sg",
      "provider": "provider[\"registry.terraform.io/hashicorp/aws\"]",
      "instances": [
        {
          "schema_version": 1,
          "attributes": {
            "arn": "arn:aws:ec2:us-east-1:661437291867:security-group/sg-0559008cea937c502",
            "description": "rds-db-mysql_sg",
            "egress": [],
            "id": "sg-0559008cea937c502",
            "ingress": [
              {
                "cidr_blocks": [
                  "0.0.0.0/0"
                ],
                "description": "MYSQL port",
                "from_port": 3306,
                "ipv6_cidr_blocks": [],
                "prefix_list_ids": [],
                "protocol": "tcp",
                "security_groups": [],
                "self": false,
                "to_port": 3306
              }
            ],
            "name": "rds-db-mysql_sg",
            "name_prefix": "",
            "owner_id": "661437291867",
            "revoke_rules_on_delete": false,
            "tags": {
              "Name": "rds-db-mysql_sg"
            },
            "tags_all": {
              "Name": "rds-db-mysql_sg"
            },
            "timeouts": null,
            "vpc_id": "vpc-03dcc3d8bb40a9c9e"
          },
          "sensitive_attributes": [],
          "private": "eyJlMmJmYjczMC1lY2FhLTExZTYtOGY4OC0zNDM2M2JjN2M0YzAiOnsiY3JlYXRlIjo2MDAwMDAwMDAwMDAsImRlbGV0ZSI6OTAwMDAwMDAwMDAwfSwic2NoZW1hX3ZlcnNpb24iOiIxIn0=",
          "dependencies": [
            "aws_vpc.tcc-project"
          ]
        }
      ]
    },
    {
      "mode": "managed",
      "type": "aws_security_group",
      "name": "sensor-client-temperatura-project_sg",
      "provider": "provider[\"registry.terraform.io/hashicorp/aws\"]",
      "instances": [
        {
          "schema_version": 1,
          "attributes": {
            "arn": "arn:aws:ec2:us-east-1:661437291867:security-group/sg-0e224836dceede611",
            "description": "sensor-client-temperatura-project_sg",
            "egress": [
              {
                "cidr_blocks": [
                  "0.0.0.0/0"
                ],
                "description": "",
                "from_port": 0,
                "ipv6_cidr_blocks": [],
                "prefix_list_ids": [],
                "protocol": "-1",
                "security_groups": [],
                "self": false,
                "to_port": 0
              }
            ],
            "id": "sg-0e224836dceede611",
            "ingress": [
              {
                "cidr_blocks": [
                  "0.0.0.0/0"
                ],
                "description": "MQTT Anywhere",
                "from_port": 1883,
                "ipv6_cidr_blocks": [],
                "prefix_list_ids": [],
                "protocol": "tcp",
                "security_groups": [],
                "self": false,
                "to_port": 1883
              },
              {
                "cidr_blocks": [
                  "0.0.0.0/0"
                ],
                "description": "SSH Anywhere",
                "from_port": 22,
                "ipv6_cidr_blocks": [],
                "prefix_list_ids": [],
                "protocol": "tcp",
                "security_groups": [],
                "self": false,
                "to_port": 22
              },
              {
                "cidr_blocks": [
                  "23.22.149.179/32"
                ],
                "description": "Prometheus port",
                "from_port": 9100,
                "ipv6_cidr_blocks": [],
                "prefix_list_ids": [],
                "protocol": "tcp",
                "security_groups": [],
                "self": false,
                "to_port": 9100
              }
            ],
            "name": "sensor-client-temperatura-project_sg",
            "name_prefix": "",
            "owner_id": "661437291867",
            "revoke_rules_on_delete": false,
            "tags": {
              "Name": "sensor-client-temperatura-project_sg"
            },
            "tags_all": {
              "Name": "sensor-client-temperatura-project_sg"
            },
            "timeouts": null,
            "vpc_id": "vpc-03dcc3d8bb40a9c9e"
          },
          "sensitive_attributes": [],
          "private": "eyJlMmJmYjczMC1lY2FhLTExZTYtOGY4OC0zNDM2M2JjN2M0YzAiOnsiY3JlYXRlIjo2MDAwMDAwMDAwMDAsImRlbGV0ZSI6OTAwMDAwMDAwMDAwfSwic2NoZW1hX3ZlcnNpb24iOiIxIn0=",
          "dependencies": [
            "aws_instance.grafana-project",
            "aws_key_pair.key_pair",
            "aws_security_group.grafana-project_sg",
            "aws_subnet.tcc-pub-1",
            "aws_vpc.tcc-project",
            "tls_private_key.key"
          ]
        }
      ]
    },
    {
      "mode": "managed",
      "type": "aws_subnet",
      "name": "tcc-pub-1",
      "provider": "provider[\"registry.terraform.io/hashicorp/aws\"]",
      "instances": [
        {
          "schema_version": 1,
          "attributes": {
            "arn": "arn:aws:ec2:us-east-1:661437291867:subnet/subnet-0a6163ae2719da307",
            "assign_ipv6_address_on_creation": false,
            "availability_zone": "us-east-1a",
            "availability_zone_id": "use1-az4",
            "cidr_block": "10.0.1.0/24",
            "customer_owned_ipv4_pool": "",
            "enable_dns64": false,
            "enable_lni_at_device_index": 0,
            "enable_resource_name_dns_a_record_on_launch": false,
            "enable_resource_name_dns_aaaa_record_on_launch": false,
            "id": "subnet-0a6163ae2719da307",
            "ipv6_cidr_block": "",
            "ipv6_cidr_block_association_id": "",
            "ipv6_native": false,
            "map_customer_owned_ip_on_launch": false,
            "map_public_ip_on_launch": true,
            "outpost_arn": "",
            "owner_id": "661437291867",
            "private_dns_hostname_type_on_launch": "ip-name",
            "tags": {
              "Name": "tcc-pub-1"
            },
            "tags_all": {
              "Name": "tcc-pub-1"
            },
            "timeouts": null,
            "vpc_id": "vpc-03dcc3d8bb40a9c9e"
          },
          "sensitive_attributes": [],
          "private": "eyJlMmJmYjczMC1lY2FhLTExZTYtOGY4OC0zNDM2M2JjN2M0YzAiOnsiY3JlYXRlIjo2MDAwMDAwMDAwMDAsImRlbGV0ZSI6MTIwMDAwMDAwMDAwMH0sInNjaGVtYV92ZXJzaW9uIjoiMSJ9",
          "dependencies": [
            "aws_vpc.tcc-project"
          ]
        }
      ]
    },
    {
      "mode": "managed",
      "type": "aws_subnet",
      "name": "tcc-pub-2",
      "provider": "provider[\"registry.terraform.io/hashicorp/aws\"]",
      "instances": [
        {
          "schema_version": 1,
          "attributes": {
            "arn": "arn:aws:ec2:us-east-1:661437291867:subnet/subnet-00a3732144fce580d",
            "assign_ipv6_address_on_creation": false,
            "availability_zone": "us-east-1b",
            "availability_zone_id": "use1-az6",
            "cidr_block": "10.0.2.0/24",
            "customer_owned_ipv4_pool": "",
            "enable_dns64": false,
            "enable_lni_at_device_index": 0,
            "enable_resource_name_dns_a_record_on_launch": false,
            "enable_resource_name_dns_aaaa_record_on_launch": false,
            "id": "subnet-00a3732144fce580d",
            "ipv6_cidr_block": "",
            "ipv6_cidr_block_association_id": "",
            "ipv6_native": false,
            "map_customer_owned_ip_on_launch": false,
            "map_public_ip_on_launch": true,
            "outpost_arn": "",
            "owner_id": "661437291867",
            "private_dns_hostname_type_on_launch": "ip-name",
            "tags": {
              "Name": "tcc-pub-1"
            },
            "tags_all": {
              "Name": "tcc-pub-1"
            },
            "timeouts": null,
            "vpc_id": "vpc-03dcc3d8bb40a9c9e"
          },
          "sensitive_attributes": [],
          "private": "eyJlMmJmYjczMC1lY2FhLTExZTYtOGY4OC0zNDM2M2JjN2M0YzAiOnsiY3JlYXRlIjo2MDAwMDAwMDAwMDAsImRlbGV0ZSI6MTIwMDAwMDAwMDAwMH0sInNjaGVtYV92ZXJzaW9uIjoiMSJ9",
          "dependencies": [
            "aws_vpc.tcc-project"
          ]
        }
      ]
    },
    {
      "mode": "managed",
      "type": "aws_vpc",
      "name": "tcc-project",
      "provider": "provider[\"registry.terraform.io/hashicorp/aws\"]",
      "instances": [
        {
          "schema_version": 1,
          "attributes": {
            "arn": "arn:aws:ec2:us-east-1:661437291867:vpc/vpc-03dcc3d8bb40a9c9e",
            "assign_generated_ipv6_cidr_block": false,
            "cidr_block": "10.0.0.0/16",
            "default_network_acl_id": "acl-03cf24b8e137e2500",
            "default_route_table_id": "rtb-0686e9fbfd9ce85c5",
            "default_security_group_id": "sg-0b602b087af504fd3",
            "dhcp_options_id": "dopt-00b1aa893530eafab",
            "enable_classiclink": false,
            "enable_classiclink_dns_support": false,
            "enable_dns_hostnames": true,
            "enable_dns_support": true,
            "enable_network_address_usage_metrics": false,
            "id": "vpc-03dcc3d8bb40a9c9e",
            "instance_tenancy": "default",
            "ipv4_ipam_pool_id": null,
            "ipv4_netmask_length": null,
            "ipv6_association_id": "",
            "ipv6_cidr_block": "",
            "ipv6_cidr_block_network_border_group": "",
            "ipv6_ipam_pool_id": "",
            "ipv6_netmask_length": 0,
            "main_route_table_id": "rtb-0686e9fbfd9ce85c5",
            "owner_id": "661437291867",
            "tags": {
              "Name": "tcc-VPC"
            },
            "tags_all": {
              "Name": "tcc-VPC"
            }
          },
          "sensitive_attributes": [],
          "private": "eyJzY2hlbWFfdmVyc2lvbiI6IjEifQ=="
        }
      ]
    },
    {
      "mode": "managed",
      "type": "local_sensitive_file",
      "name": "private_key",
      "provider": "provider[\"registry.terraform.io/hashicorp/local\"]",
      "instances": [
        {
          "schema_version": 0,
          "attributes": {
            "content": "-----BEGIN RSA PRIVATE KEY-----\nMIIEowIBAAKCAQEAysQjxJU2TcczzNS4xG6CPTuBH9zR4E1Yr/e8lgZZY529X3kH\nL0XnwrOpRnfTnrXdNXa7lM6T7Aj25+84pxi8haHIPB2uKPQZoMERwADPcZ/3Oqmq\nKZUI/igzovFMSU+t/+AwToBZjx/FYyVJeLfJFmh73drghDtvfAsE7q8w3Nl4QJ3/\nKT/LWXOnPLfQU/e1ZqkoxJZZD6rpjkvD/Wcc3r51EojdrzM+N0P0BIgf4rJyXzOE\n77SlftxKs36rnXbGuEmJm9X/N8NKe9IUxtjMT6gfX8vtL1vQAdCjs4YPooL7BS6l\nkQ0WQtI2xTrlHe7UXQ/sisNRQePWhYiyeoqXnwIDAQABAoIBAFGIt11IJtL1xDWc\nYEPUsBhRQiX+1IIeeAgiVTn6iZ1OA6VNdH8k3AHl3q6QZo8OUEo8WUeIHeEu5aH0\nBtLiVoRhvrO1t5+OMHP8ztdnPANTsMVtDhi0bi5NGh5uax+bo7sdei9G2zx7KRMq\nHjYlqP2SvCRE7D0f7T9y6uPTnJFhROoGPf078G4OR5+5hDO848udxik7HMd2JqlV\n+EAqdz/GGm2Aq18U1aG3XFCs2MFipbflt5uyBli/tXyGBU160v1Em4w1jeqrSM1m\nRXpDSjwLtvRgt5LqDtvcXWC1F0z4bqGW8Xc6gz5kMbXKZuac4UvUkRd4ISDUCw0d\naYABTQkCgYEAzAoR0CLcE27GZph59I+PHTuki6bT2XHUgOXCjRaC5BU9ge1x7Tt9\nGKSvT90gmIDrbDilhyoeRPNa97xiepjmEphd73W5jFoNRtgfI//JvUF1/qFPnKEt\nldLu9pQk6xdQosad6stuBAYQQYU1CAgaivr2g+otLywL33TXP9qAHmUCgYEA/mcR\nnmJ4w0XRnbk+FSWbzYYI/z1vcQKsGh0hUw1zPavLSAgt08mh1keHPrUfzeLE7LuY\nrA0qaZJaaooe8TqnLYhcvve79ySdC0ItQQgZG7W6fypz/+46pPGVFjD8o46g3iVG\nBr7cRrb38us3Xtkn9Ny5RvAYdq/wdzRcA7kbC7MCgYBZ231oylFdhYV+nVvoJmkC\nmMeocPoPYyAQ/B6n/+f5Bpml5KotresztSM36sx2HSCQ8omDczsNZpcDT0WXdEqu\nmceUs6XZd7ctIfTk57syy+dpEiV7d0gaGWD/2tI/bm8moI3fX2O+BeWW1VE7jkYS\nOt/hzHnFsoIwEMbS6ilOOQKBgQDNt4S8wb4LkbK+SuQT75R8bk1qMECkbtfCShn/\ncdnlXb0E43BDWUHf53lK0OYF88Dv+YasYf0Q34LzsfrxcE9td14gIm3BnL7NMtcr\nRiQfjyVe3XJt2zNa2+uFxVkV3SjiWdu1arLvD9eSfHgK36j6zV2ZKl9t4jmd+x4I\n+K8RFwKBgB69p9yK2sWBNG6rcgjy39o6/Tf7riqHVCxXn6lG8XqBJKJEiQB39DlN\nhVwn9uzEn0FqqbyWa902jUY7o9YAwCWyQegdxN3lBftIuDCzzRh4MxCazYpuRgUZ\n7zqlhtxZUSZUrfr96EzzliAWSUDLcGam4MQYcMF6DkkecCamo5vS\n-----END RSA PRIVATE KEY-----\n",
            "content_base64": null,
            "content_base64sha256": "d+8foUcJkuZrYNHdY/MQD5daF3/KhJcd0LAg3a2Fre0=",
            "content_base64sha512": "9oL0370yQaHUx9oBx/jTzPGoOY850mAsNpDWras1Kkrd0wNnfnuNs0OO2Uqt1F0QCZRv1SeX/5zxLDElSEuc1g==",
            "content_md5": "d3157a2290e69d8b332af94471b7df52",
            "content_sha1": "ec49aacf697a866386a077899f7e9e027d22ba44",
            "content_sha256": "77ef1fa1470992e66b60d1dd63f3100f975a177fca84971dd0b020ddad85aded",
            "content_sha512": "f682f4dfbd3241a1d4c7da01c7f8d3ccf1a8398f39d2602c3690d6adab352a4addd303677e7b8db3438ed94aadd45d1009946fd52797ff9cf12c3125484b9cd6",
            "directory_permission": "0700",
            "file_permission": "0400",
            "filename": "tcc-key",
            "id": "ec49aacf697a866386a077899f7e9e027d22ba44",
            "source": null
          },
          "sensitive_attributes": [
            [
              {
                "type": "get_attr",
                "value": "content"
              }
            ]
          ],
          "dependencies": [
            "tls_private_key.key"
          ]
        }
      ]
    },
    {
      "mode": "managed",
      "type": "tls_private_key",
      "name": "key",
      "provider": "provider[\"registry.terraform.io/hashicorp/tls\"]",
      "instances": [
        {
          "schema_version": 1,
          "attributes": {
            "algorithm": "RSA",
            "ecdsa_curve": "P224",
            "id": "83d2f3093c6d80939a358e030620a74d0db2f6ab",
            "private_key_openssh": "-----BEGIN OPENSSH PRIVATE KEY-----\nb3BlbnNzaC1rZXktdjEAAAAABG5vbmUAAAAEbm9uZQAAAAAAAAABAAABFwAAAAdz\nc2gtcnNhAAAAAwEAAQAAAQEAysQjxJU2TcczzNS4xG6CPTuBH9zR4E1Yr/e8lgZZ\nY529X3kHL0XnwrOpRnfTnrXdNXa7lM6T7Aj25+84pxi8haHIPB2uKPQZoMERwADP\ncZ/3OqmqKZUI/igzovFMSU+t/+AwToBZjx/FYyVJeLfJFmh73drghDtvfAsE7q8w\n3Nl4QJ3/KT/LWXOnPLfQU/e1ZqkoxJZZD6rpjkvD/Wcc3r51EojdrzM+N0P0BIgf\n4rJyXzOE77SlftxKs36rnXbGuEmJm9X/N8NKe9IUxtjMT6gfX8vtL1vQAdCjs4YP\nooL7BS6lkQ0WQtI2xTrlHe7UXQ/sisNRQePWhYiyeoqXnwAAA7hZOAtKWTgLSgAA\nAAdzc2gtcnNhAAABAQDKxCPElTZNxzPM1LjEboI9O4Ef3NHgTViv97yWBlljnb1f\neQcvRefCs6lGd9Oetd01druUzpPsCPbn7zinGLyFocg8Ha4o9BmgwRHAAM9xn/c6\nqaoplQj+KDOi8UxJT63/4DBOgFmPH8VjJUl4t8kWaHvd2uCEO298CwTurzDc2XhA\nnf8pP8tZc6c8t9BT97VmqSjEllkPqumOS8P9ZxzevnUSiN2vMz43Q/QEiB/isnJf\nM4TvtKV+3Eqzfquddsa4SYmb1f83w0p70hTG2MxPqB9fy+0vW9AB0KOzhg+igvsF\nLqWRDRZC0jbFOuUd7tRdD+yKw1FB49aFiLJ6ipefAAAAAwEAAQAAAQBRiLddSCbS\n9cQ1nGBD1LAYUUIl/tSCHngIIlU5+omdTgOlTXR/JNwB5d6ukGaPDlBKPFlHiB3h\nLuWh9AbS4laEYb6ztbefjjBz/M7XZzwDU7DFbQ4YtG4uTRoebmsfm6O7HXovRts8\neykTKh42Jaj9krwkROw9H+0/curj05yRYUTqBj39O/BuDkefuYQzvOPLncYpOxzH\ndiapVfhAKnc/xhptgKtfFNWht1xQrNjBYqW35bebsgZYv7V8hgVNetL9RJuMNY3q\nq0jNZkV6Q0o8C7b0YLeS6g7b3F1gtRdM+G6hlvF3OoM+ZDG1ymbmnOFL1JEXeCEg\n1AsNHWmAAU0JAAAAgB69p9yK2sWBNG6rcgjy39o6/Tf7riqHVCxXn6lG8XqBJKJE\niQB39DlNhVwn9uzEn0FqqbyWa902jUY7o9YAwCWyQegdxN3lBftIuDCzzRh4MxCa\nzYpuRgUZ7zqlhtxZUSZUrfr96EzzliAWSUDLcGam4MQYcMF6DkkecCamo5vSAAAA\ngQDMChHQItwTbsZmmHn0j48dO6SLptPZcdSA5cKNFoLkFT2B7XHtO30YpK9P3SCY\ngOtsOKWHKh5E81r3vGJ6mOYSmF3vdbmMWg1G2B8j/8m9QXX+oU+coS2V0u72lCTr\nF1Cixp3qy24EBhBBhTUICBqK+vaD6i0vLAvfdNc/2oAeZQAAAIEA/mcRnmJ4w0XR\nnbk+FSWbzYYI/z1vcQKsGh0hUw1zPavLSAgt08mh1keHPrUfzeLE7LuYrA0qaZJa\naooe8TqnLYhcvve79ySdC0ItQQgZG7W6fypz/+46pPGVFjD8o46g3iVGBr7cRrb3\n8us3Xtkn9Ny5RvAYdq/wdzRcA7kbC7MAAAAAAQID\n-----END OPENSSH PRIVATE KEY-----\n",
            "private_key_pem": "-----BEGIN RSA PRIVATE KEY-----\nMIIEowIBAAKCAQEAysQjxJU2TcczzNS4xG6CPTuBH9zR4E1Yr/e8lgZZY529X3kH\nL0XnwrOpRnfTnrXdNXa7lM6T7Aj25+84pxi8haHIPB2uKPQZoMERwADPcZ/3Oqmq\nKZUI/igzovFMSU+t/+AwToBZjx/FYyVJeLfJFmh73drghDtvfAsE7q8w3Nl4QJ3/\nKT/LWXOnPLfQU/e1ZqkoxJZZD6rpjkvD/Wcc3r51EojdrzM+N0P0BIgf4rJyXzOE\n77SlftxKs36rnXbGuEmJm9X/N8NKe9IUxtjMT6gfX8vtL1vQAdCjs4YPooL7BS6l\nkQ0WQtI2xTrlHe7UXQ/sisNRQePWhYiyeoqXnwIDAQABAoIBAFGIt11IJtL1xDWc\nYEPUsBhRQiX+1IIeeAgiVTn6iZ1OA6VNdH8k3AHl3q6QZo8OUEo8WUeIHeEu5aH0\nBtLiVoRhvrO1t5+OMHP8ztdnPANTsMVtDhi0bi5NGh5uax+bo7sdei9G2zx7KRMq\nHjYlqP2SvCRE7D0f7T9y6uPTnJFhROoGPf078G4OR5+5hDO848udxik7HMd2JqlV\n+EAqdz/GGm2Aq18U1aG3XFCs2MFipbflt5uyBli/tXyGBU160v1Em4w1jeqrSM1m\nRXpDSjwLtvRgt5LqDtvcXWC1F0z4bqGW8Xc6gz5kMbXKZuac4UvUkRd4ISDUCw0d\naYABTQkCgYEAzAoR0CLcE27GZph59I+PHTuki6bT2XHUgOXCjRaC5BU9ge1x7Tt9\nGKSvT90gmIDrbDilhyoeRPNa97xiepjmEphd73W5jFoNRtgfI//JvUF1/qFPnKEt\nldLu9pQk6xdQosad6stuBAYQQYU1CAgaivr2g+otLywL33TXP9qAHmUCgYEA/mcR\nnmJ4w0XRnbk+FSWbzYYI/z1vcQKsGh0hUw1zPavLSAgt08mh1keHPrUfzeLE7LuY\nrA0qaZJaaooe8TqnLYhcvve79ySdC0ItQQgZG7W6fypz/+46pPGVFjD8o46g3iVG\nBr7cRrb38us3Xtkn9Ny5RvAYdq/wdzRcA7kbC7MCgYBZ231oylFdhYV+nVvoJmkC\nmMeocPoPYyAQ/B6n/+f5Bpml5KotresztSM36sx2HSCQ8omDczsNZpcDT0WXdEqu\nmceUs6XZd7ctIfTk57syy+dpEiV7d0gaGWD/2tI/bm8moI3fX2O+BeWW1VE7jkYS\nOt/hzHnFsoIwEMbS6ilOOQKBgQDNt4S8wb4LkbK+SuQT75R8bk1qMECkbtfCShn/\ncdnlXb0E43BDWUHf53lK0OYF88Dv+YasYf0Q34LzsfrxcE9td14gIm3BnL7NMtcr\nRiQfjyVe3XJt2zNa2+uFxVkV3SjiWdu1arLvD9eSfHgK36j6zV2ZKl9t4jmd+x4I\n+K8RFwKBgB69p9yK2sWBNG6rcgjy39o6/Tf7riqHVCxXn6lG8XqBJKJEiQB39DlN\nhVwn9uzEn0FqqbyWa902jUY7o9YAwCWyQegdxN3lBftIuDCzzRh4MxCazYpuRgUZ\n7zqlhtxZUSZUrfr96EzzliAWSUDLcGam4MQYcMF6DkkecCamo5vS\n-----END RSA PRIVATE KEY-----\n",
            "private_key_pem_pkcs8": "-----BEGIN PRIVATE KEY-----\nMIIEvQIBADANBgkqhkiG9w0BAQEFAASCBKcwggSjAgEAAoIBAQDKxCPElTZNxzPM\n1LjEboI9O4Ef3NHgTViv97yWBlljnb1feQcvRefCs6lGd9Oetd01druUzpPsCPbn\n7zinGLyFocg8Ha4o9BmgwRHAAM9xn/c6qaoplQj+KDOi8UxJT63/4DBOgFmPH8Vj\nJUl4t8kWaHvd2uCEO298CwTurzDc2XhAnf8pP8tZc6c8t9BT97VmqSjEllkPqumO\nS8P9ZxzevnUSiN2vMz43Q/QEiB/isnJfM4TvtKV+3Eqzfquddsa4SYmb1f83w0p7\n0hTG2MxPqB9fy+0vW9AB0KOzhg+igvsFLqWRDRZC0jbFOuUd7tRdD+yKw1FB49aF\niLJ6ipefAgMBAAECggEAUYi3XUgm0vXENZxgQ9SwGFFCJf7Ugh54CCJVOfqJnU4D\npU10fyTcAeXerpBmjw5QSjxZR4gd4S7lofQG0uJWhGG+s7W3n44wc/zO12c8A1Ow\nxW0OGLRuLk0aHm5rH5ujux16L0bbPHspEyoeNiWo/ZK8JETsPR/tP3Lq49OckWFE\n6gY9/Tvwbg5Hn7mEM7zjy53GKTscx3YmqVX4QCp3P8YabYCrXxTVobdcUKzYwWKl\nt+W3m7IGWL+1fIYFTXrS/USbjDWN6qtIzWZFekNKPAu29GC3kuoO29xdYLUXTPhu\noZbxdzqDPmQxtcpm5pzhS9SRF3ghINQLDR1pgAFNCQKBgQDMChHQItwTbsZmmHn0\nj48dO6SLptPZcdSA5cKNFoLkFT2B7XHtO30YpK9P3SCYgOtsOKWHKh5E81r3vGJ6\nmOYSmF3vdbmMWg1G2B8j/8m9QXX+oU+coS2V0u72lCTrF1Cixp3qy24EBhBBhTUI\nCBqK+vaD6i0vLAvfdNc/2oAeZQKBgQD+ZxGeYnjDRdGduT4VJZvNhgj/PW9xAqwa\nHSFTDXM9q8tICC3TyaHWR4c+tR/N4sTsu5isDSppklpqih7xOqctiFy+97v3JJ0L\nQi1BCBkbtbp/KnP/7jqk8ZUWMPyjjqDeJUYGvtxGtvfy6zde2Sf03LlG8Bh2r/B3\nNFwDuRsLswKBgFnbfWjKUV2FhX6dW+gmaQKYx6hw+g9jIBD8Hqf/5/kGmaXkqi2t\n6zO1IzfqzHYdIJDyiYNzOw1mlwNPRZd0Sq6Zx5Szpdl3ty0h9OTnuzLL52kSJXt3\nSBoZYP/a0j9ubyagjd9fY74F5ZbVUTuORhI63+HMecWygjAQxtLqKU45AoGBAM23\nhLzBvguRsr5K5BPvlHxuTWowQKRu18JKGf9x2eVdvQTjcENZQd/neUrQ5gXzwO/5\nhqxh/RDfgvOx+vFwT213XiAibcGcvs0y1ytGJB+PJV7dcm3bM1rb64XFWRXdKOJZ\n27Vqsu8P15J8eArfqPrNXZkqX23iOZ37Hgj4rxEXAoGAHr2n3IraxYE0bqtyCPLf\n2jr9N/uuKodULFefqUbxeoEkokSJAHf0OU2FXCf27MSfQWqpvJZr3TaNRjuj1gDA\nJbJB6B3E3eUF+0i4MLPNGHgzEJrNim5GBRnvOqWG3FlRJlSt+v3oTPOWIBZJQMtw\nZqbgxBhwwXoOSR5wJqajm9I=\n-----END PRIVATE KEY-----\n",
            "public_key_fingerprint_md5": "05:79:e5:40:e9:c4:99:56:66:18:b6:1f:f8:34:7c:0f",
            "public_key_fingerprint_sha256": "SHA256:AqirxJsbpEq5KcYDMlhmyVy1zm6NahXk/eDP56sIIEM",
            "public_key_openssh": "ssh-rsa AAAAB3NzaC1yc2EAAAADAQABAAABAQDKxCPElTZNxzPM1LjEboI9O4Ef3NHgTViv97yWBlljnb1feQcvRefCs6lGd9Oetd01druUzpPsCPbn7zinGLyFocg8Ha4o9BmgwRHAAM9xn/c6qaoplQj+KDOi8UxJT63/4DBOgFmPH8VjJUl4t8kWaHvd2uCEO298CwTurzDc2XhAnf8pP8tZc6c8t9BT97VmqSjEllkPqumOS8P9ZxzevnUSiN2vMz43Q/QEiB/isnJfM4TvtKV+3Eqzfquddsa4SYmb1f83w0p70hTG2MxPqB9fy+0vW9AB0KOzhg+igvsFLqWRDRZC0jbFOuUd7tRdD+yKw1FB49aFiLJ6ipef\n",
            "public_key_pem": "-----BEGIN PUBLIC KEY-----\nMIIBIjANBgkqhkiG9w0BAQEFAAOCAQ8AMIIBCgKCAQEAysQjxJU2TcczzNS4xG6C\nPTuBH9zR4E1Yr/e8lgZZY529X3kHL0XnwrOpRnfTnrXdNXa7lM6T7Aj25+84pxi8\nhaHIPB2uKPQZoMERwADPcZ/3OqmqKZUI/igzovFMSU+t/+AwToBZjx/FYyVJeLfJ\nFmh73drghDtvfAsE7q8w3Nl4QJ3/KT/LWXOnPLfQU/e1ZqkoxJZZD6rpjkvD/Wcc\n3r51EojdrzM+N0P0BIgf4rJyXzOE77SlftxKs36rnXbGuEmJm9X/N8NKe9IUxtjM\nT6gfX8vtL1vQAdCjs4YPooL7BS6lkQ0WQtI2xTrlHe7UXQ/sisNRQePWhYiyeoqX\nnwIDAQAB\n-----END PUBLIC KEY-----\n",
            "rsa_bits": 2048
          },
          "sensitive_attributes": []
        }
      ]
    }
  ],
  "check_results": null
}
